
Microsoft Visual Studio Solution File, Format Version 12.00
# Visual Studio Version 17
VisualStudioVersion = 17.6.33815.320
MinimumVisualStudioVersion = 10.0.40219.1
Project("{FAE04EC0-301F-11D3-BF4B-00C04F79EFBC}") = "Login_Gerenciador_PDV", "Login_Gerenciador_PDV\Login_Gerenciador_PDV.csproj", "{1BC0118E-CE47-49E7-9CD3-B234DA36E09B}"
EndProject
Global
	GlobalSection(SolutionConfigurationPlatforms) = preSolution
		Debug|Any CPU = Debug|Any CPU
		Release|Any CPU = Release|Any CPU
	EndGlobalSection
	GlobalSection(ProjectConfigurationPlatforms) = postSolution
		{1BC0118E-CE47-49E7-9CD3-B234DA36E09B}.Debug|Any CPU.ActiveCfg = Debug|Any CPU
		{1BC0118E-CE47-49E7-9CD3-B234DA36E09B}.Debug|Any CPU.Build.0 = Debug|Any CPU
		{1BC0118E-CE47-49E7-9CD3-B234DA36E09B}.Release|Any CPU.ActiveCfg = Release|Any CPU
		{1BC0118E-CE47-49E7-9CD3-B234DA36E09B}.Release|Any CPU.Build.0 = Release|Any CPU
	EndGlobalSection
	GlobalSection(SolutionProperties) = preSolution
		HideSolutionNode = FALSE
	EndGlobalSection
	GlobalSection(ExtensibilityGlobals) = postSolution
		SolutionGuid = {E2B8E8BD-47DE-4C88-AD51-D25EC5DC2670}
	EndGlobalSection
EndGlobal
